// !$*UTF8*$!
{
	archiveVersion = 1;
	classes = {
	};
	objectVersion = 56;
	objects = {

/* Begin PBXBuildFile section */
		5AD0BAD92ACB4C8D002C70D3 /* NumeroApp.swift in Sources */ = {isa = PBXBuildFile; fileRef = 5AD0BAD82ACB4C8D002C70D3 /* NumeroApp.swift */; };
		5AD0BADB2ACB4C8D002C70D3 /* ContentView.swift in Sources */ = {isa = PBXBuildFile; fileRef = 5AD0BADA2ACB4C8D002C70D3 /* ContentView.swift */; };
		5AD0BADD2ACB4C8F002C70D3 /* Assets.xcassets in Resources */ = {isa = PBXBuildFile; fileRef = 5AD0BADC2ACB4C8F002C70D3 /* Assets.xcassets */; };
		5AD0BAE12ACB4C8F002C70D3 /* Preview Assets.xcassets in Resources */ = {isa = PBXBuildFile; fileRef = 5AD0BAE02ACB4C8F002C70D3 /* Preview Assets.xcassets */; };
		5AD0BAEB2ACB4C8F002C70D3 /* NumeroTests.swift in Sources */ = {isa = PBXBuildFile; fileRef = 5AD0BAEA2ACB4C8F002C70D3 /* NumeroTests.swift */; };
		5AD0BAF52ACB4C8F002C70D3 /* NumeroUITests.swift in Sources */ = {isa = PBXBuildFile; fileRef = 5AD0BAF42ACB4C8F002C70D3 /* NumeroUITests.swift */; };
		5AD0BAF72ACB4C8F002C70D3 /* NumeroUITestsLaunchTests.swift in Sources */ = {isa = PBXBuildFile; fileRef = 5AD0BAF62ACB4C8F002C70D3 /* NumeroUITestsLaunchTests.swift */; };
/* End PBXBuildFile section */

/* Begin PBXContainerItemProxy section */
		5AD0BAE72ACB4C8F002C70D3 /* PBXContainerItemProxy */ = {
			isa = PBXContainerItemProxy;
			containerPortal = 5AD0BACD2ACB4C8D002C70D3 /* Project object */;
			proxyType = 1;
			remoteGlobalIDString = 5AD0BAD42ACB4C8D002C70D3;
			remoteInfo = Numero;
		};
		5AD0BAF12ACB4C8F002C70D3 /* PBXContainerItemProxy */ = {
			isa = PBXContainerItemProxy;
			containerPortal = 5AD0BACD2ACB4C8D002C70D3 /* Project object */;
			proxyType = 1;
			remoteGlobalIDString = 5AD0BAD42ACB4C8D002C70D3;
			remoteInfo = Numero;
		};
/* End PBXContainerItemProxy section */

/* Begin PBXFileReference section */
		5AD0BAD52ACB4C8D002C70D3 /* Numero.app */ = {isa = PBXFileReference; explicitFileType = wrapper.application; includeInIndex = 0; path = Numero.app; sourceTree = BUILT_PRODUCTS_DIR; };
		5AD0BAD82ACB4C8D002C70D3 /* NumeroApp.swift */ = {isa = PBXFileReference; lastKnownFileType = sourcecode.swift; path = NumeroApp.swift; sourceTree = "<group>"; };
		5AD0BADA2ACB4C8D002C70D3 /* ContentView.swift */ = {isa = PBXFileReference; lastKnownFileType = sourcecode.swift; path = ContentView.swift; sourceTree = "<group>"; };
		5AD0BADC2ACB4C8F002C70D3 /* Assets.xcassets */ = {isa = PBXFileReference; lastKnownFileType = folder.assetcatalog; path = Assets.xcassets; sourceTree = "<group>"; };
		5AD0BADE2ACB4C8F002C70D3 /* Numero.entitlements */ = {isa = PBXFileReference; lastKnownFileType = text.plist.entitlements; path = Numero.entitlements; sourceTree = "<group>"; };
		5AD0BAE02ACB4C8F002C70D3 /* Preview Assets.xcassets */ = {isa = PBXFileReference; lastKnownFileType = folder.assetcatalog; path = "Preview Assets.xcassets"; sourceTree = "<group>"; };
		5AD0BAE62ACB4C8F002C70D3 /* NumeroTests.xctest */ = {isa = PBXFileReference; explicitFileType = wrapper.cfbundle; includeInIndex = 0; path = NumeroTests.xctest; sourceTree = BUILT_PRODUCTS_DIR; };
		5AD0BAEA2ACB4C8F002C70D3 /* NumeroTests.swift */ = {isa = PBXFileReference; lastKnownFileType = sourcecode.swift; path = NumeroTests.swift; sourceTree = "<group>"; };
		5AD0BAF02ACB4C8F002C70D3 /* NumeroUITests.xctest */ = {isa = PBXFileReference; explicitFileType = wrapper.cfbundle; includeInIndex = 0; path = NumeroUITests.xctest; sourceTree = BUILT_PRODUCTS_DIR; };
		5AD0BAF42ACB4C8F002C70D3 /* NumeroUITests.swift */ = {isa = PBXFileReference; lastKnownFileType = sourcecode.swift; path = NumeroUITests.swift; sourceTree = "<group>"; };
		5AD0BAF62ACB4C8F002C70D3 /* NumeroUITestsLaunchTests.swift */ = {isa = PBXFileReference; lastKnownFileType = sourcecode.swift; path = NumeroUITestsLaunchTests.swift; sourceTree = "<group>"; };
/* End PBXFileReference section */

/* Begin PBXFrameworksBuildPhase section */
		5AD0BAD22ACB4C8D002C70D3 /* Frameworks */ = {
			isa = PBXFrameworksBuildPhase;
			buildActionMask = 2147483647;
			files = (
			);
			runOnlyForDeploymentPostprocessing = 0;
		};
		5AD0BAE32ACB4C8F002C70D3 /* Frameworks */ = {
			isa = PBXFrameworksBuildPhase;
			buildActionMask = 2147483647;
			files = (
			);
			runOnlyForDeploymentPostprocessing = 0;
		};
		5AD0BAED2ACB4C8F002C70D3 /* Frameworks */ = {
			isa = PBXFrameworksBuildPhase;
			buildActionMask = 2147483647;
			files = (
			);
			runOnlyForDeploymentPostprocessing = 0;
		};
/* End PBXFrameworksBuildPhase section */

/* Begin PBXGroup section */
		5AD0BACC2ACB4C8D002C70D3 = {
			isa = PBXGroup;
			children = (
				5AD0BAD72ACB4C8D002C70D3 /* Numero */,
				5AD0BAE92ACB4C8F002C70D3 /* NumeroTests */,
				5AD0BAF32ACB4C8F002C70D3 /* NumeroUITests */,
				5AD0BAD62ACB4C8D002C70D3 /* Products */,
			);
			sourceTree = "<group>";
		};
		5AD0BAD62ACB4C8D002C70D3 /* Products */ = {
			isa = PBXGroup;
			children = (
				5AD0BAD52ACB4C8D002C70D3 /* Numero.app */,
				5AD0BAE62ACB4C8F002C70D3 /* NumeroTests.xctest */,
				5AD0BAF02ACB4C8F002C70D3 /* NumeroUITests.xctest */,
			);
			name = Products;
			sourceTree = "<group>";
		};
		5AD0BAD72ACB4C8D002C70D3 /* Numero */ = {
			isa = PBXGroup;
			children = (
				5AD0BAD82ACB4C8D002C70D3 /* NumeroApp.swift */,
				5AD0BADA2ACB4C8D002C70D3 /* ContentView.swift */,
				5AD0BADC2ACB4C8F002C70D3 /* Assets.xcassets */,
				5AD0BADE2ACB4C8F002C70D3 /* Numero.entitlements */,
				5AD0BADF2ACB4C8F002C70D3 /* Preview Content */,
			);
			path = Numero;
			sourceTree = "<group>";
		};
		5AD0BADF2ACB4C8F002C70D3 /* Preview Content */ = {
			isa = PBXGroup;
			children = (
				5AD0BAE02ACB4C8F002C70D3 /* Preview Assets.xcassets */,
			);
			path = "Preview Content";
			sourceTree = "<group>";
		};
		5AD0BAE92ACB4C8F002C70D3 /* NumeroTests */ = {
			isa = PBXGroup;
			children = (
				5AD0BAEA2ACB4C8F002C70D3 /* NumeroTests.swift */,
			);
			path = NumeroTests;
			sourceTree = "<group>";
		};
		5AD0BAF32ACB4C8F002C70D3 /* NumeroUITests */ = {
			isa = PBXGroup;
			children = (
				5AD0BAF42ACB4C8F002C70D3 /* NumeroUITests.swift */,
				5AD0BAF62ACB4C8F002C70D3 /* NumeroUITestsLaunchTests.swift */,
			);
			path = NumeroUITests;
			sourceTree = "<group>";
		};
/* End PBXGroup section */

/* Begin PBXNativeTarget section */
		5AD0BAD42ACB4C8D002C70D3 /* Numero */ = {
			isa = PBXNativeTarget;
			buildConfigurationList = 5AD0BAFA2ACB4C8F002C70D3 /* Build configuration list for PBXNativeTarget "Numero" */;
			buildPhases = (
				5AD0BAD12ACB4C8D002C70D3 /* Sources */,
				5AD0BAD22ACB4C8D002C70D3 /* Frameworks */,
				5AD0BAD32ACB4C8D002C70D3 /* Resources */,
			);
			buildRules = (
			);
			dependencies = (
			);
			name = Numero;
			productName = Numero;
			productReference = 5AD0BAD52ACB4C8D002C70D3 /* Numero.app */;
			productType = "com.apple.product-type.application";
		};
		5AD0BAE52ACB4C8F002C70D3 /* NumeroTests */ = {
			isa = PBXNativeTarget;
			buildConfigurationList = 5AD0BAFD2ACB4C8F002C70D3 /* Build configuration list for PBXNativeTarget "NumeroTests" */;
			buildPhases = (
				5AD0BAE22ACB4C8F002C70D3 /* Sources */,
				5AD0BAE32ACB4C8F002C70D3 /* Frameworks */,
				5AD0BAE42ACB4C8F002C70D3 /* Resources */,
			);
			buildRules = (
			);
			dependencies = (
				5AD0BAE82ACB4C8F002C70D3 /* PBXTargetDependency */,
			);
			name = NumeroTests;
			productName = NumeroTests;
			productReference = 5AD0BAE62ACB4C8F002C70D3 /* NumeroTests.xctest */;
			productType = "com.apple.product-type.bundle.unit-test";
		};
		5AD0BAEF2ACB4C8F002C70D3 /* NumeroUITests */ = {
			isa = PBXNativeTarget;
			buildConfigurationList = 5AD0BB002ACB4C8F002C70D3 /* Build configuration list for PBXNativeTarget "NumeroUITests" */;
			buildPhases = (
				5AD0BAEC2ACB4C8F002C70D3 /* Sources */,
				5AD0BAED2ACB4C8F002C70D3 /* Frameworks */,
				5AD0BAEE2ACB4C8F002C70D3 /* Resources */,
			);
			buildRules = (
			);
			dependencies = (
				5AD0BAF22ACB4C8F002C70D3 /* PBXTargetDependency */,
			);
			name = NumeroUITests;
			productName = NumeroUITests;
			productReference = 5AD0BAF02ACB4C8F002C70D3 /* NumeroUITests.xctest */;
			productType = "com.apple.product-type.bundle.ui-testing";
		};
/* End PBXNativeTarget section */

/* Begin PBXProject section */
		5AD0BACD2ACB4C8D002C70D3 /* Project object */ = {
			isa = PBXProject;
			attributes = {
				BuildIndependentTargetsInParallel = 1;
				LastSwiftUpdateCheck = 1430;
				LastUpgradeCheck = 1430;
				TargetAttributes = {
					5AD0BAD42ACB4C8D002C70D3 = {
						CreatedOnToolsVersion = 14.3.1;
					};
					5AD0BAE52ACB4C8F002C70D3 = {
						CreatedOnToolsVersion = 14.3.1;
						TestTargetID = 5AD0BAD42ACB4C8D002C70D3;
					};
					5AD0BAEF2ACB4C8F002C70D3 = {
						CreatedOnToolsVersion = 14.3.1;
						TestTargetID = 5AD0BAD42ACB4C8D002C70D3;
					};
				};
			};
			buildConfigurationList = 5AD0BAD02ACB4C8D002C70D3 /* Build configuration list for PBXProject "Numero" */;
			compatibilityVersion = "Xcode 14.0";
			developmentRegion = en;
			hasScannedForEncodings = 0;
			knownRegions = (
				en,
				Base,
			);
			mainGroup = 5AD0BACC2ACB4C8D002C70D3;
			productRefGroup = 5AD0BAD62ACB4C8D002C70D3 /* Products */;
			projectDirPath = "";
			projectRoot = "";
			targets = (
				5AD0BAD42ACB4C8D002C70D3 /* Numero */,
				5AD0BAE52ACB4C8F002C70D3 /* NumeroTests */,
				5AD0BAEF2ACB4C8F002C70D3 /* NumeroUITests */,
			);
		};
/* End PBXProject section */

/* Begin PBXResourcesBuildPhase section */
		5AD0BAD32ACB4C8D002C70D3 /* Resources */ = {
			isa = PBXResourcesBuildPhase;
			buildActionMask = 2147483647;
			files = (
				5AD0BAE12ACB4C8F002C70D3 /* Preview Assets.xcassets in Resources */,
				5AD0BADD2ACB4C8F002C70D3 /* Assets.xcassets in Resources */,
			);
			runOnlyForDeploymentPostprocessing = 0;
		};
		5AD0BAE42ACB4C8F002C70D3 /* Resources */ = {
			isa = PBXResourcesBuildPhase;
			buildActionMask = 2147483647;
			files = (
			);
			runOnlyForDeploymentPostprocessing = 0;
		};
		5AD0BAEE2ACB4C8F002C70D3 /* Resources */ = {
			isa = PBXResourcesBuildPhase;
			buildActionMask = 2147483647;
			files = (
			);
			runOnlyForDeploymentPostprocessing = 0;
		};
/* End PBXResourcesBuildPhase section */

/* Begin PBXSourcesBuildPhase section */
		5AD0BAD12ACB4C8D002C70D3 /* Sources */ = {
			isa = PBXSourcesBuildPhase;
			buildActionMask = 2147483647;
			files = (
				5AD0BADB2ACB4C8D002C70D3 /* ContentView.swift in Sources */,
				5AD0BAD92ACB4C8D002C70D3 /* NumeroApp.swift in Sources */,
			);
			runOnlyForDeploymentPostprocessing = 0;
		};
		5AD0BAE22ACB4C8F002C70D3 /* Sources */ = {
			isa = PBXSourcesBuildPhase;
			buildActionMask = 2147483647;
			files = (
				5AD0BAEB2ACB4C8F002C70D3 /* NumeroTests.swift in Sources */,
			);
			runOnlyForDeploymentPostprocessing = 0;
		};
		5AD0BAEC2ACB4C8F002C70D3 /* Sources */ = {
			isa = PBXSourcesBuildPhase;
			buildActionMask = 2147483647;
			files = (
				5AD0BAF72ACB4C8F002C70D3 /* NumeroUITestsLaunchTests.swift in Sources */,
				5AD0BAF52ACB4C8F002C70D3 /* NumeroUITests.swift in Sources */,
			);
			runOnlyForDeploymentPostprocessing = 0;
		};
/* End PBXSourcesBuildPhase section */

/* Begin PBXTargetDependency section */
		5AD0BAE82ACB4C8F002C70D3 /* PBXTargetDependency */ = {
			isa = PBXTargetDependency;
			target = 5AD0BAD42ACB4C8D002C70D3 /* Numero */;
			targetProxy = 5AD0BAE72ACB4C8F002C70D3 /* PBXContainerItemProxy */;
		};
		5AD0BAF22ACB4C8F002C70D3 /* PBXTargetDependency */ = {
			isa = PBXTargetDependency;
			target = 5AD0BAD42ACB4C8D002C70D3 /* Numero */;
			targetProxy = 5AD0BAF12ACB4C8F002C70D3 /* PBXContainerItemProxy */;
		};
/* End PBXTargetDependency section */

/* Begin XCBuildConfiguration section */
		5AD0BAF82ACB4C8F002C70D3 /* Debug */ = {
			isa = XCBuildConfiguration;
			buildSettings = {
				ALWAYS_SEARCH_USER_PATHS = NO;
				CLANG_ANALYZER_NONNULL = YES;
				CLANG_ANALYZER_NUMBER_OBJECT_CONVERSION = YES_AGGRESSIVE;
				CLANG_CXX_LANGUAGE_STANDARD = "gnu++20";
				CLANG_ENABLE_MODULES = YES;
				CLANG_ENABLE_OBJC_ARC = YES;
				CLANG_ENABLE_OBJC_WEAK = YES;
				CLANG_WARN_BLOCK_CAPTURE_AUTORELEASING = YES;
				CLANG_WARN_BOOL_CONVERSION = YES;
				CLANG_WARN_COMMA = YES;
				CLANG_WARN_CONSTANT_CONVERSION = YES;
				CLANG_WARN_DEPRECATED_OBJC_IMPLEMENTATIONS = YES;
				CLANG_WARN_DIRECT_OBJC_ISA_USAGE = YES_ERROR;
				CLANG_WARN_DOCUMENTATION_COMMENTS = YES;
				CLANG_WARN_EMPTY_BODY = YES;
				CLANG_WARN_ENUM_CONVERSION = YES;
				CLANG_WARN_INFINITE_RECURSION = YES;
				CLANG_WARN_INT_CONVERSION = YES;
				CLANG_WARN_NON_LITERAL_NULL_CONVERSION = YES;
				CLANG_WARN_OBJC_IMPLICIT_RETAIN_SELF = YES;
				CLANG_WARN_OBJC_LITERAL_CONVERSION = YES;
				CLANG_WARN_OBJC_ROOT_CLASS = YES_ERROR;
				CLANG_WARN_QUOTED_INCLUDE_IN_FRAMEWORK_HEADER = YES;
				CLANG_WARN_RANGE_LOOP_ANALYSIS = YES;
				CLANG_WARN_STRICT_PROTOTYPES = YES;
				CLANG_WARN_SUSPICIOUS_MOVE = YES;
				CLANG_WARN_UNGUARDED_AVAILABILITY = YES_AGGRESSIVE;
				CLANG_WARN_UNREACHABLE_CODE = YES;
				CLANG_WARN__DUPLICATE_METHOD_MATCH = YES;
				COPY_PHASE_STRIP = NO;
				DEBUG_INFORMATION_FORMAT = dwarf;
				ENABLE_STRICT_OBJC_MSGSEND = YES;
				ENABLE_TESTABILITY = YES;
				GCC_C_LANGUAGE_STANDARD = gnu11;
				GCC_DYNAMIC_NO_PIC = NO;
				GCC_NO_COMMON_BLOCKS = YES;
				GCC_OPTIMIZATION_LEVEL = 0;
				GCC_PREPROCESSOR_DEFINITIONS = (
					"DEBUG=1",
					"$(inherited)",
				);
				GCC_WARN_64_TO_32_BIT_CONVERSION = YES;
				GCC_WARN_ABOUT_RETURN_TYPE = YES_ERROR;
				GCC_WARN_UNDECLARED_SELECTOR = YES;
				GCC_WARN_UNINITIALIZED_AUTOS = YES_AGGRESSIVE;
				GCC_WARN_UNUSED_FUNCTION = YES;
				GCC_WARN_UNUSED_VARIABLE = YES;
				MTL_ENABLE_DEBUG_INFO = INCLUDE_SOURCE;
				MTL_FAST_MATH = YES;
				ONLY_ACTIVE_ARCH = YES;
				SWIFT_ACTIVE_COMPILATION_CONDITIONS = DEBUG;
				SWIFT_OPTIMIZATION_LEVEL = "-Onone";
			};
			name = Debug;
		};
		5AD0BAF92ACB4C8F002C70D3 /* Release */ = {
			isa = XCBuildConfiguration;
			buildSettings = {
				ALWAYS_SEARCH_USER_PATHS = NO;
				CLANG_ANALYZER_NONNULL = YES;
				CLANG_ANALYZER_NUMBER_OBJECT_CONVERSION = YES_AGGRESSIVE;
				CLANG_CXX_LANGUAGE_STANDARD = "gnu++20";
				CLANG_ENABLE_MODULES = YES;
				CLANG_ENABLE_OBJC_ARC = YES;
				CLANG_ENABLE_OBJC_WEAK = YES;
				CLANG_WARN_BLOCK_CAPTURE_AUTORELEASING = YES;
				CLANG_WARN_BOOL_CONVERSION = YES;
				CLANG_WARN_COMMA = YES;
				CLANG_WARN_CONSTANT_CONVERSION = YES;
				CLANG_WARN_DEPRECATED_OBJC_IMPLEMENTATIONS = YES;
				CLANG_WARN_DIRECT_OBJC_ISA_USAGE = YES_ERROR;
				CLANG_WARN_DOCUMENTATION_COMMENTS = YES;
				CLANG_WARN_EMPTY_BODY = YES;
				CLANG_WARN_ENUM_CONVERSION = YES;
				CLANG_WARN_INFINITE_RECURSION = YES;
				CLANG_WARN_INT_CONVERSION = YES;
				CLANG_WARN_NON_LITERAL_NULL_CONVERSION = YES;
				CLANG_WARN_OBJC_IMPLICIT_RETAIN_SELF = YES;
				CLANG_WARN_OBJC_LITERAL_CONVERSION = YES;
				CLANG_WARN_OBJC_ROOT_CLASS = YES_ERROR;
				CLANG_WARN_QUOTED_INCLUDE_IN_FRAMEWORK_HEADER = YES;
				CLANG_WARN_RANGE_LOOP_ANALYSIS = YES;
				CLANG_WARN_STRICT_PROTOTYPES = YES;
				CLANG_WARN_SUSPICIOUS_MOVE = YES;
				CLANG_WARN_UNGUARDED_AVAILABILITY = YES_AGGRESSIVE;
				CLANG_WARN_UNREACHABLE_CODE = YES;
				CLANG_WARN__DUPLICATE_METHOD_MATCH = YES;
				COPY_PHASE_STRIP = NO;
				DEBUG_INFORMATION_FORMAT = "dwarf-with-dsym";
				ENABLE_NS_ASSERTIONS = NO;
				ENABLE_STRICT_OBJC_MSGSEND = YES;
				GCC_C_LANGUAGE_STANDARD = gnu11;
				GCC_NO_COMMON_BLOCKS = YES;
				GCC_WARN_64_TO_32_BIT_CONVERSION = YES;
				GCC_WARN_ABOUT_RETURN_TYPE = YES_ERROR;
				GCC_WARN_UNDECLARED_SELECTOR = YES;
				GCC_WARN_UNINITIALIZED_AUTOS = YES_AGGRESSIVE;
				GCC_WARN_UNUSED_FUNCTION = YES;
				GCC_WARN_UNUSED_VARIABLE = YES;
				MTL_ENABLE_DEBUG_INFO = NO;
				MTL_FAST_MATH = YES;
				SWIFT_COMPILATION_MODE = wholemodule;
				SWIFT_OPTIMIZATION_LEVEL = "-O";
			};
			name = Release;
		};
		5AD0BAFB2ACB4C8F002C70D3 /* Debug */ = {
			isa = XCBuildConfiguration;
			buildSettings = {
				ASSETCATALOG_COMPILER_APPICON_NAME = AppIcon;
				ASSETCATALOG_COMPILER_GLOBAL_ACCENT_COLOR_NAME = AccentColor;
				CODE_SIGN_ENTITLEMENTS = Numero/Numero.entitlements;
				CODE_SIGN_STYLE = Automatic;
				CURRENT_PROJECT_VERSION = 1;
				DEVELOPMENT_ASSET_PATHS = "\"Numero/Preview Content\"";
				ENABLE_PREVIEWS = YES;
				GENERATE_INFOPLIST_FILE = YES;
				"INFOPLIST_KEY_UIApplicationSceneManifest_Generation[sdk=iphoneos*]" = YES;
				"INFOPLIST_KEY_UIApplicationSceneManifest_Generation[sdk=iphonesimulator*]" = YES;
				"INFOPLIST_KEY_UIApplicationSupportsIndirectInputEvents[sdk=iphoneos*]" = YES;
				"INFOPLIST_KEY_UIApplicationSupportsIndirectInputEvents[sdk=iphonesimulator*]" = YES;
				"INFOPLIST_KEY_UILaunchScreen_Generation[sdk=iphoneos*]" = YES;
				"INFOPLIST_KEY_UILaunchScreen_Generation[sdk=iphonesimulator*]" = YES;
				"INFOPLIST_KEY_UIStatusBarStyle[sdk=iphoneos*]" = UIStatusBarStyleDefault;
				"INFOPLIST_KEY_UIStatusBarStyle[sdk=iphonesimulator*]" = UIStatusBarStyleDefault;
				INFOPLIST_KEY_UISupportedInterfaceOrientations_iPad = "UIInterfaceOrientationPortrait UIInterfaceOrientationPortraitUpsideDown UIInterfaceOrientationLandscapeLeft UIInterfaceOrientationLandscapeRight";
				INFOPLIST_KEY_UISupportedInterfaceOrientations_iPhone = "UIInterfaceOrientationPortrait UIInterfaceOrientationLandscapeLeft UIInterfaceOrientationLandscapeRight";
				IPHONEOS_DEPLOYMENT_TARGET = 16.4;
				LD_RUNPATH_SEARCH_PATHS = "@executable_path/Frameworks";
				"LD_RUNPATH_SEARCH_PATHS[sdk=macosx*]" = "@executable_path/../Frameworks";
				MACOSX_DEPLOYMENT_TARGET = 13.1;
				MARKETING_VERSION = 1.0;
				PRODUCT_BUNDLE_IDENTIFIER = carolina.Numero;
				PRODUCT_NAME = "$(TARGET_NAME)";
				SDKROOT = auto;
				SUPPORTED_PLATFORMS = "iphoneos iphonesimulator macosx";
				SWIFT_EMIT_LOC_STRINGS = YES;
				SWIFT_VERSION = 5.0;
				TARGETED_DEVICE_FAMILY = "1,2";
			};
			name = Debug;
		};
		5AD0BAFC2ACB4C8F002C70D3 /* Release */ = {
			isa = XCBuildConfiguration;
			buildSettings = {
				ASSETCATALOG_COMPILER_APPICON_NAME = AppIcon;
				ASSETCATALOG_COMPILER_GLOBAL_ACCENT_COLOR_NAME = AccentColor;
				CODE_SIGN_ENTITLEMENTS = Numero/Numero.entitlements;
				CODE_SIGN_STYLE = Automatic;
				CURRENT_PROJECT_VERSION = 1;
				DEVELOPMENT_ASSET_PATHS = "\"Numero/Preview Content\"";
				ENABLE_PREVIEWS = YES;
				GENERATE_INFOPLIST_FILE = YES;
				"INFOPLIST_KEY_UIApplicationSceneManifest_Generation[sdk=iphoneos*]" = YES;
				"INFOPLIST_KEY_UIApplicationSceneManifest_Generation[sdk=iphonesimulator*]" = YES;
				"INFOPLIST_KEY_UIApplicationSupportsIndirectInputEvents[sdk=iphoneos*]" = YES;
				"INFOPLIST_KEY_UIApplicationSupportsIndirectInputEvents[sdk=iphonesimulator*]" = YES;
				"INFOPLIST_KEY_UILaunchScreen_Generation[sdk=iphoneos*]" = YES;
				"INFOPLIST_KEY_UILaunchScreen_Generation[sdk=iphonesimulator*]" = YES;
				"INFOPLIST_KEY_UIStatusBarStyle[sdk=iphoneos*]" = UIStatusBarStyleDefault;
				"INFOPLIST_KEY_UIStatusBarStyle[sdk=iphonesimulator*]" = UIStatusBarStyleDefault;
				INFOPLIST_KEY_UISupportedInterfaceOrientations_iPad = "UIInterfaceOrientationPortrait UIInterfaceOrientationPortraitUpsideDown UIInterfaceOrientationLandscapeLeft UIInterfaceOrientationLandscapeRight";
				INFOPLIST_KEY_UISupportedInterfaceOrientations_iPhone = "UIInterfaceOrientationPortrait UIInterfaceOrientationLandscapeLeft UIInterfaceOrientationLandscapeRight";
				IPHONEOS_DEPLOYMENT_TARGET = 16.4;
				LD_RUNPATH_SEARCH_PATHS = "@executable_path/Frameworks";
				"LD_RUNPATH_SEARCH_PATHS[sdk=macosx*]" = "@executable_path/../Frameworks";
				MACOSX_DEPLOYMENT_TARGET = 13.1;
				MARKETING_VERSION = 1.0;
				PRODUCT_BUNDLE_IDENTIFIER = carolina.Numero;
				PRODUCT_NAME = "$(TARGET_NAME)";
				SDKROOT = auto;
				SUPPORTED_PLATFORMS = "iphoneos iphonesimulator macosx";
				SWIFT_EMIT_LOC_STRINGS = YES;
				SWIFT_VERSION = 5.0;
				TARGETED_DEVICE_FAMILY = "1,2";
			};
			name = Release;
		};
		5AD0BAFE2ACB4C8F002C70D3 /* Debug */ = {
			isa = XCBuildConfiguration;
			buildSettings = {
				ALWAYS_EMBED_SWIFT_STANDARD_LIBRARIES = YES;
				BUNDLE_LOADER = "$(TEST_HOST)";
				CODE_SIGN_STYLE = Automatic;
				CURRENT_PROJECT_VERSION = 1;
				GENERATE_INFOPLIST_FILE = YES;
				IPHONEOS_DEPLOYMENT_TARGET = 16.4;
				MACOSX_DEPLOYMENT_TARGET = 13.1;
				MARKETING_VERSION = 1.0;
				PRODUCT_BUNDLE_IDENTIFIER = carolina.NumeroTests;
				PRODUCT_NAME = "$(TARGET_NAME)";
				SDKROOT = auto;
				SUPPORTED_PLATFORMS = "iphoneos iphonesimulator macosx";
				SWIFT_EMIT_LOC_STRINGS = NO;
				SWIFT_VERSION = 5.0;
				TARGETED_DEVICE_FAMILY = "1,2";
				TEST_HOST = "$(BUILT_PRODUCTS_DIR)/Numero.app/$(BUNDLE_EXECUTABLE_FOLDER_PATH)/Numero";
			};
			name = Debug;
		};
		5AD0BAFF2ACB4C8F002C70D3 /* Release */ = {
			isa = XCBuildConfiguration;
			buildSettings = {
				ALWAYS_EMBED_SWIFT_STANDARD_LIBRARIES = YES;
				BUNDLE_LOADER = "$(TEST_HOST)";
				CODE_SIGN_STYLE = Automatic;
				CURRENT_PROJECT_VERSION = 1;
				GENERATE_INFOPLIST_FILE = YES;
				IPHONEOS_DEPLOYMENT_TARGET = 16.4;
				MACOSX_DEPLOYMENT_TARGET = 13.1;
				MARKETING_VERSION = 1.0;
				PRODUCT_BUNDLE_IDENTIFIER = carolina.NumeroTests;
				PRODUCT_NAME = "$(TARGET_NAME)";
				SDKROOT = auto;
				SUPPORTED_PLATFORMS = "iphoneos iphonesimulator macosx";
				SWIFT_EMIT_LOC_STRINGS = NO;
				SWIFT_VERSION = 5.0;
				TARGETED_DEVICE_FAMILY = "1,2";
				TEST_HOST = "$(BUILT_PRODUCTS_DIR)/Numero.app/$(BUNDLE_EXECUTABLE_FOLDER_PATH)/Numero";
			};
			name = Release;
		};
		5AD0BB012ACB4C8F002C70D3 /* Debug */ = {
			isa = XCBuildConfiguration;
			buildSettings = {
				ALWAYS_EMBED_SWIFT_STANDARD_LIBRARIES = YES;
				CODE_SIGN_STYLE = Automatic;
				CURRENT_PROJECT_VERSION = 1;
				GENERATE_INFOPLIST_FILE = YES;
				IPHONEOS_DEPLOYMENT_TARGET = 16.4;
				MACOSX_DEPLOYMENT_TARGET = 13.1;
				MARKETING_VERSION = 1.0;
				PRODUCT_BUNDLE_IDENTIFIER = carolina.NumeroUITests;
				PRODUCT_NAME = "$(TARGET_NAME)";
				SDKROOT = auto;
				SUPPORTED_PLATFORMS = "iphoneos iphonesimulator macosx";
				SWIFT_EMIT_LOC_STRINGS = NO;
				SWIFT_VERSION = 5.0;
				TARGETED_DEVICE_FAMILY = "1,2";
				TEST_TARGET_NAME = Numero;
			};
			name = Debug;
		};
		5AD0BB022ACB4C8F002C70D3 /* Release */ = {
			isa = XCBuildConfiguration;
			buildSettings = {
				ALWAYS_EMBED_SWIFT_STANDARD_LIBRARIES = YES;
				CODE_SIGN_STYLE = Automatic;
				CURRENT_PROJECT_VERSION = 1;
				GENERATE_INFOPLIST_FILE = YES;
				IPHONEOS_DEPLOYMENT_TARGET = 16.4;
				MACOSX_DEPLOYMENT_TARGET = 13.1;
				MARKETING_VERSION = 1.0;
				PRODUCT_BUNDLE_IDENTIFIER = carolina.NumeroUITests;
				PRODUCT_NAME = "$(TARGET_NAME)";
				SDKROOT = auto;
				SUPPORTED_PLATFORMS = "iphoneos iphonesimulator macosx";
				SWIFT_EMIT_LOC_STRINGS = NO;
				SWIFT_VERSION = 5.0;
				TARGETED_DEVICE_FAMILY = "1,2";
				TEST_TARGET_NAME = Numero;
			};
			name = Release;
		};
/* End XCBuildConfiguration section */

/* Begin XCConfigurationList section */
		5AD0BAD02ACB4C8D002C70D3 /* Build configuration list for PBXProject "Numero" */ = {
			isa = XCConfigurationList;
			buildConfigurations = (
				5AD0BAF82ACB4C8F002C70D3 /* Debug */,
				5AD0BAF92ACB4C8F002C70D3 /* Release */,
			);
			defaultConfigurationIsVisible = 0;
			defaultConfigurationName = Release;
		};
		5AD0BAFA2ACB4C8F002C70D3 /* Build configuration list for PBXNativeTarget "Numero" */ = {
			isa = XCConfigurationList;
			buildConfigurations = (
				5AD0BAFB2ACB4C8F002C70D3 /* Debug */,
				5AD0BAFC2ACB4C8F002C70D3 /* Release */,
			);
			defaultConfigurationIsVisible = 0;
			defaultConfigurationName = Release;
		};
		5AD0BAFD2ACB4C8F002C70D3 /* Build configuration list for PBXNativeTarget "NumeroTests" */ = {
			isa = XCConfigurationList;
			buildConfigurations = (
				5AD0BAFE2ACB4C8F002C70D3 /* Debug */,
				5AD0BAFF2ACB4C8F002C70D3 /* Release */,
			);
			defaultConfigurationIsVisible = 0;
			defaultConfigurationName = Release;
		};
		5AD0BB002ACB4C8F002C70D3 /* Build configuration list for PBXNativeTarget "NumeroUITests" */ = {
			isa = XCConfigurationList;
			buildConfigurations = (
				5AD0BB012ACB4C8F002C70D3 /* Debug */,
				5AD0BB022ACB4C8F002C70D3 /* Release */,
			);
			defaultConfigurationIsVisible = 0;
			defaultConfigurationName = Release;
		};
/* End XCConfigurationList section */
	};
	rootObject = 5AD0BACD2ACB4C8D002C70D3 /* Project object */;
}
